// !$*UTF8*$!
{
	archiveVersion = 1;
	classes = {
	};
	objectVersion = 55;
	objects = {

/* Begin PBXBuildFile section */
		3A88F67827576C7800C661F8 /* AppDelegate.swift in Sources */ = {isa = PBXBuildFile; fileRef = 3A88F67727576C7800C661F8 /* AppDelegate.swift */; };
		3A88F67A27576C7800C661F8 /* SceneDelegate.swift in Sources */ = {isa = PBXBuildFile; fileRef = 3A88F67927576C7800C661F8 /* SceneDelegate.swift */; };
		3A88F67C27576C7800C661F8 /* ViewController.swift in Sources */ = {isa = PBXBuildFile; fileRef = 3A88F67B27576C7800C661F8 /* ViewController.swift */; };
		3A88F67F27576C7800C661F8 /* Main.storyboard in Resources */ = {isa = PBXBuildFile; fileRef = 3A88F67D27576C7800C661F8 /* Main.storyboard */; };
		3A88F68127576C7900C661F8 /* Assets.xcassets in Resources */ = {isa = PBXBuildFile; fileRef = 3A88F68027576C7900C661F8 /* Assets.xcassets */; };
		3A88F68427576C7900C661F8 /* LaunchScreen.storyboard in Resources */ = {isa = PBXBuildFile; fileRef = 3A88F68227576C7900C661F8 /* LaunchScreen.storyboard */; };
		3A88F68F27576C7A00C661F8 /* AddingtotheBeastListTests.swift in Sources */ = {isa = PBXBuildFile; fileRef = 3A88F68E27576C7A00C661F8 /* AddingtotheBeastListTests.swift */; };
		3A88F69927576C7A00C661F8 /* AddingtotheBeastListUITests.swift in Sources */ = {isa = PBXBuildFile; fileRef = 3A88F69827576C7A00C661F8 /* AddingtotheBeastListUITests.swift */; };
		3A88F69B27576C7A00C661F8 /* AddingtotheBeastListUITestsLaunchTests.swift in Sources */ = {isa = PBXBuildFile; fileRef = 3A88F69A27576C7A00C661F8 /* AddingtotheBeastListUITestsLaunchTests.swift */; };
/* End PBXBuildFile section */

/* Begin PBXContainerItemProxy section */
		3A88F68B27576C7A00C661F8 /* PBXContainerItemProxy */ = {
			isa = PBXContainerItemProxy;
			containerPortal = 3A88F66C27576C7800C661F8 /* Project object */;
			proxyType = 1;
			remoteGlobalIDString = 3A88F67327576C7800C661F8;
			remoteInfo = AddingtotheBeastList;
		};
		3A88F69527576C7A00C661F8 /* PBXContainerItemProxy */ = {
			isa = PBXContainerItemProxy;
			containerPortal = 3A88F66C27576C7800C661F8 /* Project object */;
			proxyType = 1;
			remoteGlobalIDString = 3A88F67327576C7800C661F8;
			remoteInfo = AddingtotheBeastList;
		};
/* End PBXContainerItemProxy section */

/* Begin PBXFileReference section */
		3A88F67427576C7800C661F8 /* AddingtotheBeastList.app */ = {isa = PBXFileReference; explicitFileType = wrapper.application; includeInIndex = 0; path = AddingtotheBeastList.app; sourceTree = BUILT_PRODUCTS_DIR; };
		3A88F67727576C7800C661F8 /* AppDelegate.swift */ = {isa = PBXFileReference; lastKnownFileType = sourcecode.swift; path = AppDelegate.swift; sourceTree = "<group>"; };
		3A88F67927576C7800C661F8 /* SceneDelegate.swift */ = {isa = PBXFileReference; lastKnownFileType = sourcecode.swift; path = SceneDelegate.swift; sourceTree = "<group>"; };
		3A88F67B27576C7800C661F8 /* ViewController.swift */ = {isa = PBXFileReference; lastKnownFileType = sourcecode.swift; path = ViewController.swift; sourceTree = "<group>"; };
		3A88F67E27576C7800C661F8 /* Base */ = {isa = PBXFileReference; lastKnownFileType = file.storyboard; name = Base; path = Base.lproj/Main.storyboard; sourceTree = "<group>"; };
		3A88F68027576C7900C661F8 /* Assets.xcassets */ = {isa = PBXFileReference; lastKnownFileType = folder.assetcatalog; path = Assets.xcassets; sourceTree = "<group>"; };
		3A88F68327576C7900C661F8 /* Base */ = {isa = PBXFileReference; lastKnownFileType = file.storyboard; name = Base; path = Base.lproj/LaunchScreen.storyboard; sourceTree = "<group>"; };
		3A88F68527576C7900C661F8 /* Info.plist */ = {isa = PBXFileReference; lastKnownFileType = text.plist.xml; path = Info.plist; sourceTree = "<group>"; };
		3A88F68A27576C7A00C661F8 /* AddingtotheBeastListTests.xctest */ = {isa = PBXFileReference; explicitFileType = wrapper.cfbundle; includeInIndex = 0; path = AddingtotheBeastListTests.xctest; sourceTree = BUILT_PRODUCTS_DIR; };
		3A88F68E27576C7A00C661F8 /* AddingtotheBeastListTests.swift */ = {isa = PBXFileReference; lastKnownFileType = sourcecode.swift; path = AddingtotheBeastListTests.swift; sourceTree = "<group>"; };
		3A88F69427576C7A00C661F8 /* AddingtotheBeastListUITests.xctest */ = {isa = PBXFileReference; explicitFileType = wrapper.cfbundle; includeInIndex = 0; path = AddingtotheBeastListUITests.xctest; sourceTree = BUILT_PRODUCTS_DIR; };
		3A88F69827576C7A00C661F8 /* AddingtotheBeastListUITests.swift */ = {isa = PBXFileReference; lastKnownFileType = sourcecode.swift; path = AddingtotheBeastListUITests.swift; sourceTree = "<group>"; };
		3A88F69A27576C7A00C661F8 /* AddingtotheBeastListUITestsLaunchTests.swift */ = {isa = PBXFileReference; lastKnownFileType = sourcecode.swift; path = AddingtotheBeastListUITestsLaunchTests.swift; sourceTree = "<group>"; };
/* End PBXFileReference section */

/* Begin PBXFrameworksBuildPhase section */
		3A88F67127576C7800C661F8 /* Frameworks */ = {
			isa = PBXFrameworksBuildPhase;
			buildActionMask = 2147483647;
			files = (
			);
			runOnlyForDeploymentPostprocessing = 0;
		};
		3A88F68727576C7A00C661F8 /* Frameworks */ = {
			isa = PBXFrameworksBuildPhase;
			buildActionMask = 2147483647;
			files = (
			);
			runOnlyForDeploymentPostprocessing = 0;
		};
		3A88F69127576C7A00C661F8 /* Frameworks */ = {
			isa = PBXFrameworksBuildPhase;
			buildActionMask = 2147483647;
			files = (
			);
			runOnlyForDeploymentPostprocessing = 0;
		};
/* End PBXFrameworksBuildPhase section */

/* Begin PBXGroup section */
		3A88F66B27576C7800C661F8 = {
			isa = PBXGroup;
			children = (
				3A88F67627576C7800C661F8 /* AddingtotheBeastList */,
				3A88F68D27576C7A00C661F8 /* AddingtotheBeastListTests */,
				3A88F69727576C7A00C661F8 /* AddingtotheBeastListUITests */,
				3A88F67527576C7800C661F8 /* Products */,
			);
			sourceTree = "<group>";
		};
		3A88F67527576C7800C661F8 /* Products */ = {
			isa = PBXGroup;
			children = (
				3A88F67427576C7800C661F8 /* AddingtotheBeastList.app */,
				3A88F68A27576C7A00C661F8 /* AddingtotheBeastListTests.xctest */,
				3A88F69427576C7A00C661F8 /* AddingtotheBeastListUITests.xctest */,
			);
			name = Products;
			sourceTree = "<group>";
		};
		3A88F67627576C7800C661F8 /* AddingtotheBeastList */ = {
			isa = PBXGroup;
			children = (
				3A88F67727576C7800C661F8 /* AppDelegate.swift */,
				3A88F67927576C7800C661F8 /* SceneDelegate.swift */,
				3A88F67B27576C7800C661F8 /* ViewController.swift */,
				3A88F67D27576C7800C661F8 /* Main.storyboard */,
				3A88F68027576C7900C661F8 /* Assets.xcassets */,
				3A88F68227576C7900C661F8 /* LaunchScreen.storyboard */,
				3A88F68527576C7900C661F8 /* Info.plist */,
			);
			path = AddingtotheBeastList;
			sourceTree = "<group>";
		};
		3A88F68D27576C7A00C661F8 /* AddingtotheBeastListTests */ = {
			isa = PBXGroup;
			children = (
				3A88F68E27576C7A00C661F8 /* AddingtotheBeastListTests.swift */,
			);
			path = AddingtotheBeastListTests;
			sourceTree = "<group>";
		};
		3A88F69727576C7A00C661F8 /* AddingtotheBeastListUITests */ = {
			isa = PBXGroup;
			children = (
				3A88F69827576C7A00C661F8 /* AddingtotheBeastListUITests.swift */,
				3A88F69A27576C7A00C661F8 /* AddingtotheBeastListUITestsLaunchTests.swift */,
			);
			path = AddingtotheBeastListUITests;
			sourceTree = "<group>";
		};
/* End PBXGroup section */

/* Begin PBXNativeTarget section */
		3A88F67327576C7800C661F8 /* AddingtotheBeastList */ = {
			isa = PBXNativeTarget;
			buildConfigurationList = 3A88F69E27576C7A00C661F8 /* Build configuration list for PBXNativeTarget "AddingtotheBeastList" */;
			buildPhases = (
				3A88F67027576C7800C661F8 /* Sources */,
				3A88F67127576C7800C661F8 /* Frameworks */,
				3A88F67227576C7800C661F8 /* Resources */,
			);
			buildRules = (
			);
			dependencies = (
			);
			name = AddingtotheBeastList;
			productName = AddingtotheBeastList;
			productReference = 3A88F67427576C7800C661F8 /* AddingtotheBeastList.app */;
			productType = "com.apple.product-type.application";
		};
		3A88F68927576C7A00C661F8 /* AddingtotheBeastListTests */ = {
			isa = PBXNativeTarget;
			buildConfigurationList = 3A88F6A127576C7A00C661F8 /* Build configuration list for PBXNativeTarget "AddingtotheBeastListTests" */;
			buildPhases = (
				3A88F68627576C7A00C661F8 /* Sources */,
				3A88F68727576C7A00C661F8 /* Frameworks */,
				3A88F68827576C7A00C661F8 /* Resources */,
			);
			buildRules = (
			);
			dependencies = (
				3A88F68C27576C7A00C661F8 /* PBXTargetDependency */,
			);
			name = AddingtotheBeastListTests;
			productName = AddingtotheBeastListTests;
			productReference = 3A88F68A27576C7A00C661F8 /* AddingtotheBeastListTests.xctest */;
			productType = "com.apple.product-type.bundle.unit-test";
		};
		3A88F69327576C7A00C661F8 /* AddingtotheBeastListUITests */ = {
			isa = PBXNativeTarget;
			buildConfigurationList = 3A88F6A427576C7A00C661F8 /* Build configuration list for PBXNativeTarget "AddingtotheBeastListUITests" */;
			buildPhases = (
				3A88F69027576C7A00C661F8 /* Sources */,
				3A88F69127576C7A00C661F8 /* Frameworks */,
				3A88F69227576C7A00C661F8 /* Resources */,
			);
			buildRules = (
			);
			dependencies = (
				3A88F69627576C7A00C661F8 /* PBXTargetDependency */,
			);
			name = AddingtotheBeastListUITests;
			productName = AddingtotheBeastListUITests;
			productReference = 3A88F69427576C7A00C661F8 /* AddingtotheBeastListUITests.xctest */;
			productType = "com.apple.product-type.bundle.ui-testing";
		};
/* End PBXNativeTarget section */

/* Begin PBXProject section */
		3A88F66C27576C7800C661F8 /* Project object */ = {
			isa = PBXProject;
			attributes = {
				BuildIndependentTargetsInParallel = 1;
				LastSwiftUpdateCheck = 1310;
				LastUpgradeCheck = 1310;
				TargetAttributes = {
					3A88F67327576C7800C661F8 = {
						CreatedOnToolsVersion = 13.1;
					};
					3A88F68927576C7A00C661F8 = {
						CreatedOnToolsVersion = 13.1;
						TestTargetID = 3A88F67327576C7800C661F8;
					};
					3A88F69327576C7A00C661F8 = {
						CreatedOnToolsVersion = 13.1;
						TestTargetID = 3A88F67327576C7800C661F8;
					};
				};
			};
			buildConfigurationList = 3A88F66F27576C7800C661F8 /* Build configuration list for PBXProject "AddingtotheBeastList" */;
			compatibilityVersion = "Xcode 13.0";
			developmentRegion = en;
			hasScannedForEncodings = 0;
			knownRegions = (
				en,
				Base,
			);
			mainGroup = 3A88F66B27576C7800C661F8;
			productRefGroup = 3A88F67527576C7800C661F8 /* Products */;
			projectDirPath = "";
			projectRoot = "";
			targets = (
				3A88F67327576C7800C661F8 /* AddingtotheBeastList */,
				3A88F68927576C7A00C661F8 /* AddingtotheBeastListTests */,
				3A88F69327576C7A00C661F8 /* AddingtotheBeastListUITests */,
			);
		};
/* End PBXProject section */

/* Begin PBXResourcesBuildPhase section */
		3A88F67227576C7800C661F8 /* Resources */ = {
			isa = PBXResourcesBuildPhase;
			buildActionMask = 2147483647;
			files = (
				3A88F68427576C7900C661F8 /* LaunchScreen.storyboard in Resources */,
				3A88F68127576C7900C661F8 /* Assets.xcassets in Resources */,
				3A88F67F27576C7800C661F8 /* Main.storyboard in Resources */,
			);
			runOnlyForDeploymentPostprocessing = 0;
		};
		3A88F68827576C7A00C661F8 /* Resources */ = {
			isa = PBXResourcesBuildPhase;
			buildActionMask = 2147483647;
			files = (
			);
			runOnlyForDeploymentPostprocessing = 0;
		};
		3A88F69227576C7A00C661F8 /* Resources */ = {
			isa = PBXResourcesBuildPhase;
			buildActionMask = 2147483647;
			files = (
			);
			runOnlyForDeploymentPostprocessing = 0;
		};
/* End PBXResourcesBuildPhase section */

/* Begin PBXSourcesBuildPhase section */
		3A88F67027576C7800C661F8 /* Sources */ = {
			isa = PBXSourcesBuildPhase;
			buildActionMask = 2147483647;
			files = (
				3A88F67C27576C7800C661F8 /* ViewController.swift in Sources */,
				3A88F67827576C7800C661F8 /* AppDelegate.swift in Sources */,
				3A88F67A27576C7800C661F8 /* SceneDelegate.swift in Sources */,
			);
			runOnlyForDeploymentPostprocessing = 0;
		};
		3A88F68627576C7A00C661F8 /* Sources */ = {
			isa = PBXSourcesBuildPhase;
			buildActionMask = 2147483647;
			files = (
				3A88F68F27576C7A00C661F8 /* AddingtotheBeastListTests.swift in Sources */,
			);
			runOnlyForDeploymentPostprocessing = 0;
		};
		3A88F69027576C7A00C661F8 /* Sources */ = {
			isa = PBXSourcesBuildPhase;
			buildActionMask = 2147483647;
			files = (
				3A88F69B27576C7A00C661F8 /* AddingtotheBeastListUITestsLaunchTests.swift in Sources */,
				3A88F69927576C7A00C661F8 /* AddingtotheBeastListUITests.swift in Sources */,
			);
			runOnlyForDeploymentPostprocessing = 0;
		};
/* End PBXSourcesBuildPhase section */

/* Begin PBXTargetDependency section */
		3A88F68C27576C7A00C661F8 /* PBXTargetDependency */ = {
			isa = PBXTargetDependency;
			target = 3A88F67327576C7800C661F8 /* AddingtotheBeastList */;
			targetProxy = 3A88F68B27576C7A00C661F8 /* PBXContainerItemProxy */;
		};
		3A88F69627576C7A00C661F8 /* PBXTargetDependency */ = {
			isa = PBXTargetDependency;
			target = 3A88F67327576C7800C661F8 /* AddingtotheBeastList */;
			targetProxy = 3A88F69527576C7A00C661F8 /* PBXContainerItemProxy */;
		};
/* End PBXTargetDependency section */

/* Begin PBXVariantGroup section */
		3A88F67D27576C7800C661F8 /* Main.storyboard */ = {
			isa = PBXVariantGroup;
			children = (
				3A88F67E27576C7800C661F8 /* Base */,
			);
			name = Main.storyboard;
			sourceTree = "<group>";
		};
		3A88F68227576C7900C661F8 /* LaunchScreen.storyboard */ = {
			isa = PBXVariantGroup;
			children = (
				3A88F68327576C7900C661F8 /* Base */,
			);
			name = LaunchScreen.storyboard;
			sourceTree = "<group>";
		};
/* End PBXVariantGroup section */

/* Begin XCBuildConfiguration section */
		3A88F69C27576C7A00C661F8 /* Debug */ = {
			isa = XCBuildConfiguration;
			buildSettings = {
				ALWAYS_SEARCH_USER_PATHS = NO;
				CLANG_ANALYZER_NONNULL = YES;
				CLANG_ANALYZER_NUMBER_OBJECT_CONVERSION = YES_AGGRESSIVE;
				CLANG_CXX_LANGUAGE_STANDARD = "gnu++17";
				CLANG_CXX_LIBRARY = "libc++";
				CLANG_ENABLE_MODULES = YES;
				CLANG_ENABLE_OBJC_ARC = YES;
				CLANG_ENABLE_OBJC_WEAK = YES;
				CLANG_WARN_BLOCK_CAPTURE_AUTORELEASING = YES;
				CLANG_WARN_BOOL_CONVERSION = YES;
				CLANG_WARN_COMMA = YES;
				CLANG_WARN_CONSTANT_CONVERSION = YES;
				CLANG_WARN_DEPRECATED_OBJC_IMPLEMENTATIONS = YES;
				CLANG_WARN_DIRECT_OBJC_ISA_USAGE = YES_ERROR;
				CLANG_WARN_DOCUMENTATION_COMMENTS = YES;
				CLANG_WARN_EMPTY_BODY = YES;
				CLANG_WARN_ENUM_CONVERSION = YES;
				CLANG_WARN_INFINITE_RECURSION = YES;
				CLANG_WARN_INT_CONVERSION = YES;
				CLANG_WARN_NON_LITERAL_NULL_CONVERSION = YES;
				CLANG_WARN_OBJC_IMPLICIT_RETAIN_SELF = YES;
				CLANG_WARN_OBJC_LITERAL_CONVERSION = YES;
				CLANG_WARN_OBJC_ROOT_CLASS = YES_ERROR;
				CLANG_WARN_QUOTED_INCLUDE_IN_FRAMEWORK_HEADER = YES;
				CLANG_WARN_RANGE_LOOP_ANALYSIS = YES;
				CLANG_WARN_STRICT_PROTOTYPES = YES;
				CLANG_WARN_SUSPICIOUS_MOVE = YES;
				CLANG_WARN_UNGUARDED_AVAILABILITY = YES_AGGRESSIVE;
				CLANG_WARN_UNREACHABLE_CODE = YES;
				CLANG_WARN__DUPLICATE_METHOD_MATCH = YES;
				COPY_PHASE_STRIP = NO;
				DEBUG_INFORMATION_FORMAT = dwarf;
				ENABLE_STRICT_OBJC_MSGSEND = YES;
				ENABLE_TESTABILITY = YES;
				GCC_C_LANGUAGE_STANDARD = gnu11;
				GCC_DYNAMIC_NO_PIC = NO;
				GCC_NO_COMMON_BLOCKS = YES;
				GCC_OPTIMIZATION_LEVEL = 0;
				GCC_PREPROCESSOR_DEFINITIONS = (
					"DEBUG=1",
					"$(inherited)",
				);
				GCC_WARN_64_TO_32_BIT_CONVERSION = YES;
				GCC_WARN_ABOUT_RETURN_TYPE = YES_ERROR;
				GCC_WARN_UNDECLARED_SELECTOR = YES;
				GCC_WARN_UNINITIALIZED_AUTOS = YES_AGGRESSIVE;
				GCC_WARN_UNUSED_FUNCTION = YES;
				GCC_WARN_UNUSED_VARIABLE = YES;
				IPHONEOS_DEPLOYMENT_TARGET = 15.0;
				MTL_ENABLE_DEBUG_INFO = INCLUDE_SOURCE;
				MTL_FAST_MATH = YES;
				ONLY_ACTIVE_ARCH = YES;
				SDKROOT = iphoneos;
				SWIFT_ACTIVE_COMPILATION_CONDITIONS = DEBUG;
				SWIFT_OPTIMIZATION_LEVEL = "-Onone";
			};
			name = Debug;
		};
		3A88F69D27576C7A00C661F8 /* Release */ = {
			isa = XCBuildConfiguration;
			buildSettings = {
				ALWAYS_SEARCH_USER_PATHS = NO;
				CLANG_ANALYZER_NONNULL = YES;
				CLANG_ANALYZER_NUMBER_OBJECT_CONVERSION = YES_AGGRESSIVE;
				CLANG_CXX_LANGUAGE_STANDARD = "gnu++17";
				CLANG_CXX_LIBRARY = "libc++";
				CLANG_ENABLE_MODULES = YES;
				CLANG_ENABLE_OBJC_ARC = YES;
				CLANG_ENABLE_OBJC_WEAK = YES;
				CLANG_WARN_BLOCK_CAPTURE_AUTORELEASING = YES;
				CLANG_WARN_BOOL_CONVERSION = YES;
				CLANG_WARN_COMMA = YES;
				CLANG_WARN_CONSTANT_CONVERSION = YES;
				CLANG_WARN_DEPRECATED_OBJC_IMPLEMENTATIONS = YES;
				CLANG_WARN_DIRECT_OBJC_ISA_USAGE = YES_ERROR;
				CLANG_WARN_DOCUMENTATION_COMMENTS = YES;
				CLANG_WARN_EMPTY_BODY = YES;
				CLANG_WARN_ENUM_CONVERSION = YES;
				CLANG_WARN_INFINITE_RECURSION = YES;
				CLANG_WARN_INT_CONVERSION = YES;
				CLANG_WARN_NON_LITERAL_NULL_CONVERSION = YES;
				CLANG_WARN_OBJC_IMPLICIT_RETAIN_SELF = YES;
				CLANG_WARN_OBJC_LITERAL_CONVERSION = YES;
				CLANG_WARN_OBJC_ROOT_CLASS = YES_ERROR;
				CLANG_WARN_QUOTED_INCLUDE_IN_FRAMEWORK_HEADER = YES;
				CLANG_WARN_RANGE_LOOP_ANALYSIS = YES;
				CLANG_WARN_STRICT_PROTOTYPES = YES;
				CLANG_WARN_SUSPICIOUS_MOVE = YES;
				CLANG_WARN_UNGUARDED_AVAILABILITY = YES_AGGRESSIVE;
				CLANG_WARN_UNREACHABLE_CODE = YES;
				CLANG_WARN__DUPLICATE_METHOD_MATCH = YES;
				COPY_PHASE_STRIP = NO;
				DEBUG_INFORMATION_FORMAT = "dwarf-with-dsym";
				ENABLE_NS_ASSERTIONS = NO;
				ENABLE_STRICT_OBJC_MSGSEND = YES;
				GCC_C_LANGUAGE_STANDARD = gnu11;
				GCC_NO_COMMON_BLOCKS = YES;
				GCC_WARN_64_TO_32_BIT_CONVERSION = YES;
				GCC_WARN_ABOUT_RETURN_TYPE = YES_ERROR;
				GCC_WARN_UNDECLARED_SELECTOR = YES;
				GCC_WARN_UNINITIALIZED_AUTOS = YES_AGGRESSIVE;
				GCC_WARN_UNUSED_FUNCTION = YES;
				GCC_WARN_UNUSED_VARIABLE = YES;
				IPHONEOS_DEPLOYMENT_TARGET = 15.0;
				MTL_ENABLE_DEBUG_INFO = NO;
				MTL_FAST_MATH = YES;
				SDKROOT = iphoneos;
				SWIFT_COMPILATION_MODE = wholemodule;
				SWIFT_OPTIMIZATION_LEVEL = "-O";
				VALIDATE_PRODUCT = YES;
			};
			name = Release;
		};
		3A88F69F27576C7A00C661F8 /* Debug */ = {
			isa = XCBuildConfiguration;
			buildSettings = {
				ASSETCATALOG_COMPILER_APPICON_NAME = AppIcon;
				ASSETCATALOG_COMPILER_GLOBAL_ACCENT_COLOR_NAME = AccentColor;
				CODE_SIGN_STYLE = Automatic;
				CURRENT_PROJECT_VERSION = 1;
				GENERATE_INFOPLIST_FILE = YES;
				INFOPLIST_FILE = AddingtotheBeastList/Info.plist;
				INFOPLIST_KEY_UIApplicationSupportsIndirectInputEvents = YES;
				INFOPLIST_KEY_UILaunchStoryboardName = LaunchScreen;
				INFOPLIST_KEY_UIMainStoryboardFile = Main;
				INFOPLIST_KEY_UISupportedInterfaceOrientations_iPad = "UIInterfaceOrientationPortrait UIInterfaceOrientationPortraitUpsideDown UIInterfaceOrientationLandscapeLeft UIInterfaceOrientationLandscapeRight";
				INFOPLIST_KEY_UISupportedInterfaceOrientations_iPhone = "UIInterfaceOrientationPortrait UIInterfaceOrientationLandscapeLeft UIInterfaceOrientationLandscapeRight";
				LD_RUNPATH_SEARCH_PATHS = (
					"$(inherited)",
					"@executable_path/Frameworks",
				);
				MARKETING_VERSION = 1.0;
				PRODUCT_BUNDLE_IDENTIFIER = faisal.AddingtotheBeastList;
				PRODUCT_NAME = "$(TARGET_NAME)";
				SWIFT_EMIT_LOC_STRINGS = YES;
				SWIFT_VERSION = 5.0;
				TARGETED_DEVICE_FAMILY = "1,2";
			};
			name = Debug;
		};
		3A88F6A027576C7A00C661F8 /* Release */ = {
			isa = XCBuildConfiguration;
			buildSettings = {
				ASSETCATALOG_COMPILER_APPICON_NAME = AppIcon;
				ASSETCATALOG_COMPILER_GLOBAL_ACCENT_COLOR_NAME = AccentColor;
				CODE_SIGN_STYLE = Automatic;
				CURRENT_PROJECT_VERSION = 1;
				GENERATE_INFOPLIST_FILE = YES;
				INFOPLIST_FILE = AddingtotheBeastList/Info.plist;
				INFOPLIST_KEY_UIApplicationSupportsIndirectInputEvents = YES;
				INFOPLIST_KEY_UILaunchStoryboardName = LaunchScreen;
				INFOPLIST_KEY_UIMainStoryboardFile = Main;
				INFOPLIST_KEY_UISupportedInterfaceOrientations_iPad = "UIInterfaceOrientationPortrait UIInterfaceOrientationPortraitUpsideDown UIInterfaceOrientationLandscapeLeft UIInterfaceOrientationLandscapeRight";
				INFOPLIST_KEY_UISupportedInterfaceOrientations_iPhone = "UIInterfaceOrientationPortrait UIInterfaceOrientationLandscapeLeft UIInterfaceOrientationLandscapeRight";
				LD_RUNPATH_SEARCH_PATHS = (
					"$(inherited)",
					"@executable_path/Frameworks",
				);
				MARKETING_VERSION = 1.0;
				PRODUCT_BUNDLE_IDENTIFIER = faisal.AddingtotheBeastList;
				PRODUCT_NAME = "$(TARGET_NAME)";
				SWIFT_EMIT_LOC_STRINGS = YES;
				SWIFT_VERSION = 5.0;
				TARGETED_DEVICE_FAMILY = "1,2";
			};
			name = Release;
		};
		3A88F6A227576C7A00C661F8 /* Debug */ = {
			isa = XCBuildConfiguration;
			buildSettings = {
				ALWAYS_EMBED_SWIFT_STANDARD_LIBRARIES = YES;
				BUNDLE_LOADER = "$(TEST_HOST)";
				CODE_SIGN_STYLE = Automatic;
				CURRENT_PROJECT_VERSION = 1;
				GENERATE_INFOPLIST_FILE = YES;
				IPHONEOS_DEPLOYMENT_TARGET = 15.0;
				LD_RUNPATH_SEARCH_PATHS = (
					"$(inherited)",
					"@executable_path/Frameworks",
					"@loader_path/Frameworks",
				);
				MARKETING_VERSION = 1.0;
				PRODUCT_BUNDLE_IDENTIFIER = faisal.AddingtotheBeastListTests;
				PRODUCT_NAME = "$(TARGET_NAME)";
				SWIFT_EMIT_LOC_STRINGS = NO;
				SWIFT_VERSION = 5.0;
				TARGETED_DEVICE_FAMILY = "1,2";
				TEST_HOST = "$(BUILT_PRODUCTS_DIR)/AddingtotheBeastList.app/AddingtotheBeastList";
			};
			name = Debug;
		};
		3A88F6A327576C7A00C661F8 /* Release */ = {
			isa = XCBuildConfiguration;
			buildSettings = {
				ALWAYS_EMBED_SWIFT_STANDARD_LIBRARIES = YES;
				BUNDLE_LOADER = "$(TEST_HOST)";
				CODE_SIGN_STYLE = Automatic;
				CURRENT_PROJECT_VERSION = 1;
				GENERATE_INFOPLIST_FILE = YES;
				IPHONEOS_DEPLOYMENT_TARGET = 15.0;
				LD_RUNPATH_SEARCH_PATHS = (
					"$(inherited)",
					"@executable_path/Frameworks",
					"@loader_path/Frameworks",
				);
				MARKETING_VERSION = 1.0;
				PRODUCT_BUNDLE_IDENTIFIER = faisal.AddingtotheBeastListTests;
				PRODUCT_NAME = "$(TARGET_NAME)";
				SWIFT_EMIT_LOC_STRINGS = NO;
				SWIFT_VERSION = 5.0;
				TARGETED_DEVICE_FAMILY = "1,2";
				TEST_HOST = "$(BUILT_PRODUCTS_DIR)/AddingtotheBeastList.app/AddingtotheBeastList";
			};
			name = Release;
		};
		3A88F6A527576C7A00C661F8 /* Debug */ = {
			isa = XCBuildConfiguration;
			buildSettings = {
				ALWAYS_EMBED_SWIFT_STANDARD_LIBRARIES = YES;
				CODE_SIGN_STYLE = Automatic;
				CURRENT_PROJECT_VERSION = 1;
				GENERATE_INFOPLIST_FILE = YES;
				LD_RUNPATH_SEARCH_PATHS = (
					"$(inherited)",
					"@executable_path/Frameworks",
					"@loader_path/Frameworks",
				);
				MARKETING_VERSION = 1.0;
				PRODUCT_BUNDLE_IDENTIFIER = faisal.AddingtotheBeastListUITests;
				PRODUCT_NAME = "$(TARGET_NAME)";
				SWIFT_EMIT_LOC_STRINGS = NO;
				SWIFT_VERSION = 5.0;
				TARGETED_DEVICE_FAMILY = "1,2";
				TEST_TARGET_NAME = AddingtotheBeastList;
			};
			name = Debug;
		};
		3A88F6A627576C7A00C661F8 /* Release */ = {
			isa = XCBuildConfiguration;
			buildSettings = {
				ALWAYS_EMBED_SWIFT_STANDARD_LIBRARIES = YES;
				CODE_SIGN_STYLE = Automatic;
				CURRENT_PROJECT_VERSION = 1;
				GENERATE_INFOPLIST_FILE = YES;
				LD_RUNPATH_SEARCH_PATHS = (
					"$(inherited)",
					"@executable_path/Frameworks",
					"@loader_path/Frameworks",
				);
				MARKETING_VERSION = 1.0;
				PRODUCT_BUNDLE_IDENTIFIER = faisal.AddingtotheBeastListUITests;
				PRODUCT_NAME = "$(TARGET_NAME)";
				SWIFT_EMIT_LOC_STRINGS = NO;
				SWIFT_VERSION = 5.0;
				TARGETED_DEVICE_FAMILY = "1,2";
				TEST_TARGET_NAME = AddingtotheBeastList;
			};
			name = Release;
		};
/* End XCBuildConfiguration section */

/* Begin XCConfigurationList section */
		3A88F66F27576C7800C661F8 /* Build configuration list for PBXProject "AddingtotheBeastList" */ = {
			isa = XCConfigurationList;
			buildConfigurations = (
				3A88F69C27576C7A00C661F8 /* Debug */,
				3A88F69D27576C7A00C661F8 /* Release */,
			);
			defaultConfigurationIsVisible = 0;
			defaultConfigurationName = Release;
		};
		3A88F69E27576C7A00C661F8 /* Build configuration list for PBXNativeTarget "AddingtotheBeastList" */ = {
			isa = XCConfigurationList;
			buildConfigurations = (
				3A88F69F27576C7A00C661F8 /* Debug */,
				3A88F6A027576C7A00C661F8 /* Release */,
			);
			defaultConfigurationIsVisible = 0;
			defaultConfigurationName = Release;
		};
		3A88F6A127576C7A00C661F8 /* Build configuration list for PBXNativeTarget "AddingtotheBeastListTests" */ = {
			isa = XCConfigurationList;
			buildConfigurations = (
				3A88F6A227576C7A00C661F8 /* Debug */,
				3A88F6A327576C7A00C661F8 /* Release */,
			);
			defaultConfigurationIsVisible = 0;
			defaultConfigurationName = Release;
		};
		3A88F6A427576C7A00C661F8 /* Build configuration list for PBXNativeTarget "AddingtotheBeastListUITests" */ = {
			isa = XCConfigurationList;
			buildConfigurations = (
				3A88F6A527576C7A00C661F8 /* Debug */,
				3A88F6A627576C7A00C661F8 /* Release */,
			);
			defaultConfigurationIsVisible = 0;
			defaultConfigurationName = Release;
		};
/* End XCConfigurationList section */
	};
	rootObject = 3A88F66C27576C7800C661F8 /* Project object */;
}
